
Microsoft Visual Studio Solution File, Format Version 12.00
# Visual Studio Version 17
VisualStudioVersion = 17.8.34330.188
MinimumVisualStudioVersion = 10.0.40219.1
Project("{8BC9CEB8-8B4A-11D0-8D11-00A0C91BC942}") = "Training", "Training\Training.vcxproj", "{BA24FBF5-758B-499A-B72C-836E483F2BC0}"
EndProject
Global
	GlobalSection(SolutionConfigurationPlatforms) = preSolution
		Debug|x64 = Debug|x64
		Debug|x86 = Debug|x86
		Release|x64 = Release|x64
		Release|x86 = Release|x86
	EndGlobalSection
	GlobalSection(ProjectConfigurationPlatforms) = postSolution
		{BA24FBF5-758B-499A-B72C-836E483F2BC0}.Debug|x64.ActiveCfg = Debug|x64
		{BA24FBF5-758B-499A-B72C-836E483F2BC0}.Debug|x64.Build.0 = Debug|x64
		{BA24FBF5-758B-499A-B72C-836E483F2BC0}.Debug|x86.ActiveCfg = Debug|Win32
		{BA24FBF5-758B-499A-B72C-836E483F2BC0}.Debug|x86.Build.0 = Debug|Win32
		{BA24FBF5-758B-499A-B72C-836E483F2BC0}.Release|x64.ActiveCfg = Release|x64
		{BA24FBF5-758B-499A-B72C-836E483F2BC0}.Release|x64.Build.0 = Release|x64
		{BA24FBF5-758B-499A-B72C-836E483F2BC0}.Release|x86.ActiveCfg = Release|Win32
		{BA24FBF5-758B-499A-B72C-836E483F2BC0}.Release|x86.Build.0 = Release|Win32
	EndGlobalSection
	GlobalSection(SolutionProperties) = preSolution
		HideSolutionNode = FALSE
	EndGlobalSection
	GlobalSection(ExtensibilityGlobals) = postSolution
		SolutionGuid = {DE25BB09-6F5C-49EA-9121-EEF760A5DD7C}
	EndGlobalSection
EndGlobal
